// !$*UTF8*$!
{
	archiveVersion = 1;
	classes = {
	};
	objectVersion = 56;
	objects = {

/* Begin PBXBuildFile section */
		B6806F942918313A00A9D735 /* AppDelegate.swift in Sources */ = {isa = PBXBuildFile; fileRef = B6806F932918313A00A9D735 /* AppDelegate.swift */; };
		B6806F962918313A00A9D735 /* SceneDelegate.swift in Sources */ = {isa = PBXBuildFile; fileRef = B6806F952918313A00A9D735 /* SceneDelegate.swift */; };
		B6806F9B2918313A00A9D735 /* Main.storyboard in Resources */ = {isa = PBXBuildFile; fileRef = B6806F992918313A00A9D735 /* Main.storyboard */; };
		B6806F9D2918313C00A9D735 /* Assets.xcassets in Resources */ = {isa = PBXBuildFile; fileRef = B6806F9C2918313C00A9D735 /* Assets.xcassets */; };
		B6806FA02918313C00A9D735 /* LaunchScreen.storyboard in Resources */ = {isa = PBXBuildFile; fileRef = B6806F9E2918313C00A9D735 /* LaunchScreen.storyboard */; };
		B6806FA9291831E300A9D735 /* quotes.json in Resources */ = {isa = PBXBuildFile; fileRef = B6806FA7291831E300A9D735 /* quotes.json */; };
		B6806FAA291831E300A9D735 /* Savoye LET.ttc in Resources */ = {isa = PBXBuildFile; fileRef = B6806FA8291831E300A9D735 /* Savoye LET.ttc */; };
		B6806FAF29183DC100A9D735 /* QuotesViewController.swift in Sources */ = {isa = PBXBuildFile; fileRef = B6806FAE29183DC100A9D735 /* QuotesViewController.swift */; };
		B6806FB129183DD500A9D735 /* SettingsViewController.swift in Sources */ = {isa = PBXBuildFile; fileRef = B6806FB029183DD500A9D735 /* SettingsViewController.swift */; };
		B6B662E3291D33BE0056CA36 /* Settings.bundle in Resources */ = {isa = PBXBuildFile; fileRef = B6B662E2291D33BE0056CA36 /* Settings.bundle */; };
		B6C58C6F29184214004AA623 /* Quote.swift in Sources */ = {isa = PBXBuildFile; fileRef = B6C58C6E29184214004AA623 /* Quote.swift */; };
		B6C58C712918422F004AA623 /* QuotesManager.swift in Sources */ = {isa = PBXBuildFile; fileRef = B6C58C702918422F004AA623 /* QuotesManager.swift */; };
		B6C58C7329184252004AA623 /* Configuration.swift in Sources */ = {isa = PBXBuildFile; fileRef = B6C58C7229184252004AA623 /* Configuration.swift */; };
/* End PBXBuildFile section */

/* Begin PBXFileReference section */
		B6806F902918313A00A9D735 /* Pensamentos.app */ = {isa = PBXFileReference; explicitFileType = wrapper.application; includeInIndex = 0; path = Pensamentos.app; sourceTree = BUILT_PRODUCTS_DIR; };
		B6806F932918313A00A9D735 /* AppDelegate.swift */ = {isa = PBXFileReference; lastKnownFileType = sourcecode.swift; path = AppDelegate.swift; sourceTree = "<group>"; };
		B6806F952918313A00A9D735 /* SceneDelegate.swift */ = {isa = PBXFileReference; lastKnownFileType = sourcecode.swift; path = SceneDelegate.swift; sourceTree = "<group>"; };
		B6806F9A2918313A00A9D735 /* Base */ = {isa = PBXFileReference; lastKnownFileType = file.storyboard; name = Base; path = Base.lproj/Main.storyboard; sourceTree = "<group>"; };
		B6806F9C2918313C00A9D735 /* Assets.xcassets */ = {isa = PBXFileReference; lastKnownFileType = folder.assetcatalog; path = Assets.xcassets; sourceTree = "<group>"; };
		B6806F9F2918313C00A9D735 /* Base */ = {isa = PBXFileReference; lastKnownFileType = file.storyboard; name = Base; path = Base.lproj/LaunchScreen.storyboard; sourceTree = "<group>"; };
		B6806FA12918313C00A9D735 /* Info.plist */ = {isa = PBXFileReference; lastKnownFileType = text.plist.xml; path = Info.plist; sourceTree = "<group>"; };
		B6806FA7291831E300A9D735 /* quotes.json */ = {isa = PBXFileReference; fileEncoding = 4; lastKnownFileType = text.json; path = quotes.json; sourceTree = "<group>"; };
		B6806FA8291831E300A9D735 /* Savoye LET.ttc */ = {isa = PBXFileReference; lastKnownFileType = file; path = "Savoye LET.ttc"; sourceTree = "<group>"; };
		B6806FAE29183DC100A9D735 /* QuotesViewController.swift */ = {isa = PBXFileReference; lastKnownFileType = sourcecode.swift; path = QuotesViewController.swift; sourceTree = "<group>"; };
		B6806FB029183DD500A9D735 /* SettingsViewController.swift */ = {isa = PBXFileReference; lastKnownFileType = sourcecode.swift; path = SettingsViewController.swift; sourceTree = "<group>"; };
		B6B662E2291D33BE0056CA36 /* Settings.bundle */ = {isa = PBXFileReference; lastKnownFileType = "wrapper.plug-in"; name = Settings.bundle; path = Pensamentos/Settings.bundle; sourceTree = SOURCE_ROOT; };
		B6C58C6E29184214004AA623 /* Quote.swift */ = {isa = PBXFileReference; lastKnownFileType = sourcecode.swift; path = Quote.swift; sourceTree = "<group>"; };
		B6C58C702918422F004AA623 /* QuotesManager.swift */ = {isa = PBXFileReference; lastKnownFileType = sourcecode.swift; path = QuotesManager.swift; sourceTree = "<group>"; };
		B6C58C7229184252004AA623 /* Configuration.swift */ = {isa = PBXFileReference; lastKnownFileType = sourcecode.swift; path = Configuration.swift; sourceTree = "<group>"; };
/* End PBXFileReference section */

/* Begin PBXFrameworksBuildPhase section */
		B6806F8D2918313A00A9D735 /* Frameworks */ = {
			isa = PBXFrameworksBuildPhase;
			buildActionMask = 2147483647;
			files = (
			);
			runOnlyForDeploymentPostprocessing = 0;
		};
/* End PBXFrameworksBuildPhase section */

/* Begin PBXGroup section */
		B6806F872918313A00A9D735 = {
			isa = PBXGroup;
			children = (
				B6806F922918313A00A9D735 /* Pensamentos */,
				B6806F912918313A00A9D735 /* Products */,
			);
			sourceTree = "<group>";
		};
		B6806F912918313A00A9D735 /* Products */ = {
			isa = PBXGroup;
			children = (
				B6806F902918313A00A9D735 /* Pensamentos.app */,
			);
			name = Products;
			sourceTree = "<group>";
		};
		B6806F922918313A00A9D735 /* Pensamentos */ = {
			isa = PBXGroup;
			children = (
				B6806FB32918417D00A9D735 /* Models */,
				B6806FB22918400200A9D735 /* Views */,
				B6806FAD29183DA200A9D735 /* Controllers */,
				B6806FAC291831FB00A9D735 /* Configures */,
				B6B662E2291D33BE0056CA36 /* Settings.bundle */,
				B6806FAB291831EF00A9D735 /* Files */,
				B6806FA12918313C00A9D735 /* Info.plist */,
				B6806F9C2918313C00A9D735 /* Assets.xcassets */,
			);
			path = Pensamentos;
			sourceTree = "<group>";
		};
		B6806FAB291831EF00A9D735 /* Files */ = {
			isa = PBXGroup;
			children = (
				B6806FA7291831E300A9D735 /* quotes.json */,
				B6806FA8291831E300A9D735 /* Savoye LET.ttc */,
			);
			path = Files;
			sourceTree = "<group>";
		};
		B6806FAC291831FB00A9D735 /* Configures */ = {
			isa = PBXGroup;
			children = (
				B6806F932918313A00A9D735 /* AppDelegate.swift */,
				B6806F952918313A00A9D735 /* SceneDelegate.swift */,
			);
			path = Configures;
			sourceTree = "<group>";
		};
		B6806FAD29183DA200A9D735 /* Controllers */ = {
			isa = PBXGroup;
			children = (
				B6806FAE29183DC100A9D735 /* QuotesViewController.swift */,
				B6806FB029183DD500A9D735 /* SettingsViewController.swift */,
			);
			path = Controllers;
			sourceTree = "<group>";
		};
		B6806FB22918400200A9D735 /* Views */ = {
			isa = PBXGroup;
			children = (
				B6806F992918313A00A9D735 /* Main.storyboard */,
				B6806F9E2918313C00A9D735 /* LaunchScreen.storyboard */,
			);
			path = Views;
			sourceTree = "<group>";
		};
		B6806FB32918417D00A9D735 /* Models */ = {
			isa = PBXGroup;
			children = (
				B6C58C6E29184214004AA623 /* Quote.swift */,
				B6C58C702918422F004AA623 /* QuotesManager.swift */,
				B6C58C7229184252004AA623 /* Configuration.swift */,
			);
			path = Models;
			sourceTree = "<group>";
		};
/* End PBXGroup section */

/* Begin PBXNativeTarget section */
		B6806F8F2918313A00A9D735 /* Pensamentos */ = {
			isa = PBXNativeTarget;
			buildConfigurationList = B6806FA42918313C00A9D735 /* Build configuration list for PBXNativeTarget "Pensamentos" */;
			buildPhases = (
				B6806F8C2918313A00A9D735 /* Sources */,
				B6806F8D2918313A00A9D735 /* Frameworks */,
				B6806F8E2918313A00A9D735 /* Resources */,
			);
			buildRules = (
			);
			dependencies = (
			);
			name = Pensamentos;
			productName = Pensamentos;
			productReference = B6806F902918313A00A9D735 /* Pensamentos.app */;
			productType = "com.apple.product-type.application";
		};
/* End PBXNativeTarget section */

/* Begin PBXProject section */
		B6806F882918313A00A9D735 /* Project object */ = {
			isa = PBXProject;
			attributes = {
				BuildIndependentTargetsInParallel = 1;
				LastSwiftUpdateCheck = 1410;
				LastUpgradeCheck = 1410;
				TargetAttributes = {
					B6806F8F2918313A00A9D735 = {
						CreatedOnToolsVersion = 14.1;
					};
				};
			};
			buildConfigurationList = B6806F8B2918313A00A9D735 /* Build configuration list for PBXProject "Pensamentos" */;
			compatibilityVersion = "Xcode 14.0";
			developmentRegion = en;
			hasScannedForEncodings = 0;
			knownRegions = (
				en,
				Base,
			);
			mainGroup = B6806F872918313A00A9D735;
			productRefGroup = B6806F912918313A00A9D735 /* Products */;
			projectDirPath = "";
			projectRoot = "";
			targets = (
				B6806F8F2918313A00A9D735 /* Pensamentos */,
			);
		};
/* End PBXProject section */

/* Begin PBXResourcesBuildPhase section */
		B6806F8E2918313A00A9D735 /* Resources */ = {
			isa = PBXResourcesBuildPhase;
			buildActionMask = 2147483647;
			files = (
				B6806FA9291831E300A9D735 /* quotes.json in Resources */,
				B6806FA02918313C00A9D735 /* LaunchScreen.storyboard in Resources */,
				B6806F9D2918313C00A9D735 /* Assets.xcassets in Resources */,
				B6806FAA291831E300A9D735 /* Savoye LET.ttc in Resources */,
				B6B662E3291D33BE0056CA36 /* Settings.bundle in Resources */,
				B6806F9B2918313A00A9D735 /* Main.storyboard in Resources */,
			);
			runOnlyForDeploymentPostprocessing = 0;
		};
/* End PBXResourcesBuildPhase section */

/* Begin PBXSourcesBuildPhase section */
		B6806F8C2918313A00A9D735 /* Sources */ = {
			isa = PBXSourcesBuildPhase;
			buildActionMask = 2147483647;
			files = (
				B6C58C7329184252004AA623 /* Configuration.swift in Sources */,
				B6C58C712918422F004AA623 /* QuotesManager.swift in Sources */,
				B6806FAF29183DC100A9D735 /* QuotesViewController.swift in Sources */,
				B6806F942918313A00A9D735 /* AppDelegate.swift in Sources */,
				B6C58C6F29184214004AA623 /* Quote.swift in Sources */,
				B6806FB129183DD500A9D735 /* SettingsViewController.swift in Sources */,
				B6806F962918313A00A9D735 /* SceneDelegate.swift in Sources */,
			);
			runOnlyForDeploymentPostprocessing = 0;
		};
/* End PBXSourcesBuildPhase section */

/* Begin PBXVariantGroup section */
		B6806F992918313A00A9D735 /* Main.storyboard */ = {
			isa = PBXVariantGroup;
			children = (
				B6806F9A2918313A00A9D735 /* Base */,
			);
			name = Main.storyboard;
			sourceTree = "<group>";
		};
		B6806F9E2918313C00A9D735 /* LaunchScreen.storyboard */ = {
			isa = PBXVariantGroup;
			children = (
				B6806F9F2918313C00A9D735 /* Base */,
			);
			name = LaunchScreen.storyboard;
			sourceTree = "<group>";
		};
/* End PBXVariantGroup section */

/* Begin XCBuildConfiguration section */
		B6806FA22918313C00A9D735 /* Debug */ = {
			isa = XCBuildConfiguration;
			buildSettings = {
				ALWAYS_SEARCH_USER_PATHS = NO;
				CLANG_ANALYZER_NONNULL = YES;
				CLANG_ANALYZER_NUMBER_OBJECT_CONVERSION = YES_AGGRESSIVE;
				CLANG_CXX_LANGUAGE_STANDARD = "gnu++20";
				CLANG_ENABLE_MODULES = YES;
				CLANG_ENABLE_OBJC_ARC = YES;
				CLANG_ENABLE_OBJC_WEAK = YES;
				CLANG_WARN_BLOCK_CAPTURE_AUTORELEASING = YES;
				CLANG_WARN_BOOL_CONVERSION = YES;
				CLANG_WARN_COMMA = YES;
				CLANG_WARN_CONSTANT_CONVERSION = YES;
				CLANG_WARN_DEPRECATED_OBJC_IMPLEMENTATIONS = YES;
				CLANG_WARN_DIRECT_OBJC_ISA_USAGE = YES_ERROR;
				CLANG_WARN_DOCUMENTATION_COMMENTS = YES;
				CLANG_WARN_EMPTY_BODY = YES;
				CLANG_WARN_ENUM_CONVERSION = YES;
				CLANG_WARN_INFINITE_RECURSION = YES;
				CLANG_WARN_INT_CONVERSION = YES;
				CLANG_WARN_NON_LITERAL_NULL_CONVERSION = YES;
				CLANG_WARN_OBJC_IMPLICIT_RETAIN_SELF = YES;
				CLANG_WARN_OBJC_LITERAL_CONVERSION = YES;
				CLANG_WARN_OBJC_ROOT_CLASS = YES_ERROR;
				CLANG_WARN_QUOTED_INCLUDE_IN_FRAMEWORK_HEADER = YES;
				CLANG_WARN_RANGE_LOOP_ANALYSIS = YES;
				CLANG_WARN_STRICT_PROTOTYPES = YES;
				CLANG_WARN_SUSPICIOUS_MOVE = YES;
				CLANG_WARN_UNGUARDED_AVAILABILITY = YES_AGGRESSIVE;
				CLANG_WARN_UNREACHABLE_CODE = YES;
				CLANG_WARN__DUPLICATE_METHOD_MATCH = YES;
				COPY_PHASE_STRIP = NO;
				DEBUG_INFORMATION_FORMAT = dwarf;
				ENABLE_STRICT_OBJC_MSGSEND = YES;
				ENABLE_TESTABILITY = YES;
				GCC_C_LANGUAGE_STANDARD = gnu11;
				GCC_DYNAMIC_NO_PIC = NO;
				GCC_NO_COMMON_BLOCKS = YES;
				GCC_OPTIMIZATION_LEVEL = 0;
				GCC_PREPROCESSOR_DEFINITIONS = (
					"DEBUG=1",
					"$(inherited)",
				);
				GCC_WARN_64_TO_32_BIT_CONVERSION = YES;
				GCC_WARN_ABOUT_RETURN_TYPE = YES_ERROR;
				GCC_WARN_UNDECLARED_SELECTOR = YES;
				GCC_WARN_UNINITIALIZED_AUTOS = YES_AGGRESSIVE;
				GCC_WARN_UNUSED_FUNCTION = YES;
				GCC_WARN_UNUSED_VARIABLE = YES;
				IPHONEOS_DEPLOYMENT_TARGET = 16.1;
				MTL_ENABLE_DEBUG_INFO = INCLUDE_SOURCE;
				MTL_FAST_MATH = YES;
				ONLY_ACTIVE_ARCH = YES;
				SDKROOT = iphoneos;
				SWIFT_ACTIVE_COMPILATION_CONDITIONS = DEBUG;
				SWIFT_OPTIMIZATION_LEVEL = "-Onone";
			};
			name = Debug;
		};
		B6806FA32918313C00A9D735 /* Release */ = {
			isa = XCBuildConfiguration;
			buildSettings = {
				ALWAYS_SEARCH_USER_PATHS = NO;
				CLANG_ANALYZER_NONNULL = YES;
				CLANG_ANALYZER_NUMBER_OBJECT_CONVERSION = YES_AGGRESSIVE;
				CLANG_CXX_LANGUAGE_STANDARD = "gnu++20";
				CLANG_ENABLE_MODULES = YES;
				CLANG_ENABLE_OBJC_ARC = YES;
				CLANG_ENABLE_OBJC_WEAK = YES;
				CLANG_WARN_BLOCK_CAPTURE_AUTORELEASING = YES;
				CLANG_WARN_BOOL_CONVERSION = YES;
				CLANG_WARN_COMMA = YES;
				CLANG_WARN_CONSTANT_CONVERSION = YES;
				CLANG_WARN_DEPRECATED_OBJC_IMPLEMENTATIONS = YES;
				CLANG_WARN_DIRECT_OBJC_ISA_USAGE = YES_ERROR;
				CLANG_WARN_DOCUMENTATION_COMMENTS = YES;
				CLANG_WARN_EMPTY_BODY = YES;
				CLANG_WARN_ENUM_CONVERSION = YES;
				CLANG_WARN_INFINITE_RECURSION = YES;
				CLANG_WARN_INT_CONVERSION = YES;
				CLANG_WARN_NON_LITERAL_NULL_CONVERSION = YES;
				CLANG_WARN_OBJC_IMPLICIT_RETAIN_SELF = YES;
				CLANG_WARN_OBJC_LITERAL_CONVERSION = YES;
				CLANG_WARN_OBJC_ROOT_CLASS = YES_ERROR;
				CLANG_WARN_QUOTED_INCLUDE_IN_FRAMEWORK_HEADER = YES;
				CLANG_WARN_RANGE_LOOP_ANALYSIS = YES;
				CLANG_WARN_STRICT_PROTOTYPES = YES;
				CLANG_WARN_SUSPICIOUS_MOVE = YES;
				CLANG_WARN_UNGUARDED_AVAILABILITY = YES_AGGRESSIVE;
				CLANG_WARN_UNREACHABLE_CODE = YES;
				CLANG_WARN__DUPLICATE_METHOD_MATCH = YES;
				COPY_PHASE_STRIP = NO;
				DEBUG_INFORMATION_FORMAT = "dwarf-with-dsym";
				ENABLE_NS_ASSERTIONS = NO;
				ENABLE_STRICT_OBJC_MSGSEND = YES;
				GCC_C_LANGUAGE_STANDARD = gnu11;
				GCC_NO_COMMON_BLOCKS = YES;
				GCC_WARN_64_TO_32_BIT_CONVERSION = YES;
				GCC_WARN_ABOUT_RETURN_TYPE = YES_ERROR;
				GCC_WARN_UNDECLARED_SELECTOR = YES;
				GCC_WARN_UNINITIALIZED_AUTOS = YES_AGGRESSIVE;
				GCC_WARN_UNUSED_FUNCTION = YES;
				GCC_WARN_UNUSED_VARIABLE = YES;
				IPHONEOS_DEPLOYMENT_TARGET = 16.1;
				MTL_ENABLE_DEBUG_INFO = NO;
				MTL_FAST_MATH = YES;
				SDKROOT = iphoneos;
				SWIFT_COMPILATION_MODE = wholemodule;
				SWIFT_OPTIMIZATION_LEVEL = "-O";
				VALIDATE_PRODUCT = YES;
			};
			name = Release;
		};
		B6806FA52918313C00A9D735 /* Debug */ = {
			isa = XCBuildConfiguration;
			buildSettings = {
				ASSETCATALOG_COMPILER_APPICON_NAME = AppIcon;
				ASSETCATALOG_COMPILER_GLOBAL_ACCENT_COLOR_NAME = AccentColor;
				CODE_SIGN_STYLE = Automatic;
				CURRENT_PROJECT_VERSION = 1;
				DEVELOPMENT_TEAM = JHL4QGZ98L;
				GENERATE_INFOPLIST_FILE = YES;
				INFOPLIST_FILE = Pensamentos/Info.plist;
				INFOPLIST_KEY_UIApplicationSupportsIndirectInputEvents = YES;
				INFOPLIST_KEY_UILaunchStoryboardName = LaunchScreen;
				INFOPLIST_KEY_UIMainStoryboardFile = Main;
				INFOPLIST_KEY_UISupportedInterfaceOrientations_iPad = "UIInterfaceOrientationPortrait UIInterfaceOrientationPortraitUpsideDown UIInterfaceOrientationLandscapeLeft UIInterfaceOrientationLandscapeRight";
				INFOPLIST_KEY_UISupportedInterfaceOrientations_iPhone = "UIInterfaceOrientationPortrait UIInterfaceOrientationLandscapeLeft UIInterfaceOrientationLandscapeRight";
				LD_RUNPATH_SEARCH_PATHS = (
					"$(inherited)",
					"@executable_path/Frameworks",
				);
				MARKETING_VERSION = 1.0;
				PRODUCT_BUNDLE_IDENTIFIER = diasjhenifer.Pensamentos;
				PRODUCT_NAME = "$(TARGET_NAME)";
				SWIFT_EMIT_LOC_STRINGS = YES;
				SWIFT_VERSION = 5.0;
				TARGETED_DEVICE_FAMILY = "1,2";
			};
			name = Debug;
		};
		B6806FA62918313C00A9D735 /* Release */ = {
			isa = XCBuildConfiguration;
			buildSettings = {
				ASSETCATALOG_COMPILER_APPICON_NAME = AppIcon;
				ASSETCATALOG_COMPILER_GLOBAL_ACCENT_COLOR_NAME = AccentColor;
				CODE_SIGN_STYLE = Automatic;
				CURRENT_PROJECT_VERSION = 1;
				DEVELOPMENT_TEAM = JHL4QGZ98L;
				GENERATE_INFOPLIST_FILE = YES;
				INFOPLIST_FILE = Pensamentos/Info.plist;
				INFOPLIST_KEY_UIApplicationSupportsIndirectInputEvents = YES;
				INFOPLIST_KEY_UILaunchStoryboardName = LaunchScreen;
				INFOPLIST_KEY_UIMainStoryboardFile = Main;
				INFOPLIST_KEY_UISupportedInterfaceOrientations_iPad = "UIInterfaceOrientationPortrait UIInterfaceOrientationPortraitUpsideDown UIInterfaceOrientationLandscapeLeft UIInterfaceOrientationLandscapeRight";
				INFOPLIST_KEY_UISupportedInterfaceOrientations_iPhone = "UIInterfaceOrientationPortrait UIInterfaceOrientationLandscapeLeft UIInterfaceOrientationLandscapeRight";
				LD_RUNPATH_SEARCH_PATHS = (
					"$(inherited)",
					"@executable_path/Frameworks",
				);
				MARKETING_VERSION = 1.0;
				PRODUCT_BUNDLE_IDENTIFIER = diasjhenifer.Pensamentos;
				PRODUCT_NAME = "$(TARGET_NAME)";
				SWIFT_EMIT_LOC_STRINGS = YES;
				SWIFT_VERSION = 5.0;
				TARGETED_DEVICE_FAMILY = "1,2";
			};
			name = Release;
		};
/* End XCBuildConfiguration section */

/* Begin XCConfigurationList section */
		B6806F8B2918313A00A9D735 /* Build configuration list for PBXProject "Pensamentos" */ = {
			isa = XCConfigurationList;
			buildConfigurations = (
				B6806FA22918313C00A9D735 /* Debug */,
				B6806FA32918313C00A9D735 /* Release */,
			);
			defaultConfigurationIsVisible = 0;
			defaultConfigurationName = Release;
		};
		B6806FA42918313C00A9D735 /* Build configuration list for PBXNativeTarget "Pensamentos" */ = {
			isa = XCConfigurationList;
			buildConfigurations = (
				B6806FA52918313C00A9D735 /* Debug */,
				B6806FA62918313C00A9D735 /* Release */,
			);
			defaultConfigurationIsVisible = 0;
			defaultConfigurationName = Release;
		};
/* End XCConfigurationList section */
	};
	rootObject = B6806F882918313A00A9D735 /* Project object */;
}
